{
  "name": "@fabricmc/cli",
  "version": "0.0.0",
  "lockfileVersion": 3,
  "requires": true,
  "packages": {
    "": {
      "name": "@fabricmc/cli",
      "version": "0.0.0",
      "license": "MIT",
      "bin": {
        "fabric": "bundled.mjs"
      },
      "devDependencies": {
        "@cliffy/ansi": "npm:@jsr/cliffy__ansi@1.2.1",
        "@cliffy/command": "npm:@jsr/cliffy__command@1.2.1",
        "@cliffy/prompt": "npm:@jsr/cliffy__prompt@1.2.1",
        "@types/node": "^22.0.0",
        "@types/opentype.js": "^1.3.8",
        "@types/pngjs": "^6.0.5",
        "@types/wawoff2": "^1.0.2",
        "esbuild": "0.20.0",
        "fast-xml-parser": "5.11.1",
        "opentype.js": "0.4.11",
        "pngjs": "7.0.0",
        "pureimage": "0.4.13",
        "typescript": "^5.1.3",
        "wawoff2": "2.0.1"
      },
      "engines": {
        "node": ">=22"
      }
    },
    "node_modules/@cliffy/ansi": {
      "name": "@jsr/cliffy__ansi",
      "version": "1.2.1",
      "resolved": "https://npm.jsr.io/~/11/@jsr/cliffy__ansi/1.2.1.tgz",
      "integrity": "sha512-3frSD4YX/aOaaFvpzZoWALk+j1BvIzfrAzP1tGnyowwuJ7igv5dxCh0CP4rXLhU/I3CpCVV9QhAm6q1f3tIGxw==",
      "dev": true,
      "dependencies": {
        "@jsr/cliffy__internal": "1.2.1",
        "@jsr/std__encoding": "^1.0.10",
        "@jsr/std__fmt": "^1.0.10",
        "@jsr/std__io": "~0.225.3"
      }
    },
    "node_modules/@cliffy/command": {
      "name": "@jsr/cliffy__command",
      "version": "1.2.1",
      "resolved": "https://npm.jsr.io/~/11/@jsr/cliffy__command/1.2.1.tgz",
      "integrity": "sha512-qsrEVMGaunL8BL4OdmfiIywr0M3H/tZ8+iAHBJfWfzRYCwRr9VVyjaZM5rjA3nmHdAt5g7K6op9PLlHzdUxqoQ==",
      "dev": true,
      "dependencies": {
        "@jsr/cliffy__flags": "1.2.1",
        "@jsr/cliffy__internal": "1.2.1",
        "@jsr/cliffy__table": "1.2.1",
        "@jsr/std__fmt": "^1.0.10",
        "@jsr/std__semver": "^1.0.8",
        "@jsr/std__text": "^1.0.19"
      }
    },
    "node_modules/@cliffy/prompt": {
      "name": "@jsr/cliffy__prompt",
      "version": "1.2.1",
      "resolved": "https://npm.jsr.io/~/11/@jsr/cliffy__prompt/1.2.1.tgz",
      "integrity": "sha512-kFNKAAL79OTyCht0O2k86jVM7WqUaU8ssKizjHbFY6+qpTHeFKiXnrP8HJ+LoFQqS/P61Ak/bJX+iPKrMd4bOA==",
      "dev": true,
      "dependencies": {
        "@jsr/cliffy__ansi": "1.2.1",
        "@jsr/cliffy__internal": "1.2.1",
        "@jsr/cliffy__keycode": "1.2.1",
        "@jsr/std__assert": "^1.0.19",
        "@jsr/std__fmt": "^1.0.10",
        "@jsr/std__io": "~0.225.3",
        "@jsr/std__path": "^1.1.5",
        "@jsr/std__text": "^1.0.19"
      }
    },
    "node_modules/@esbuild/aix-ppc64": {
      "version": "0.20.0",
      "resolved": "https://registry.npmjs.org/@esbuild/aix-ppc64/-/aix-ppc64-0.20.0.tgz",
      "integrity": "sha512-fGFDEctNh0CcSwsiRPxiaqX0P5rq+AqE0SRhYGZ4PX46Lg1FNR6oCxJghf8YgY0WQEgQuh3lErUFE4KxLeRmmw==",
      "cpu": [
        "ppc64"
      ],
      "dev": true,
      "license": "MIT",
      "optional": true,
      "os": [
        "aix"
      ],
      "engines": {
        "node": ">=12"
      }
    },
    "node_modules/@esbuild/android-arm": {
      "version": "0.20.0",
      "resolved": "https://registry.npmjs.org/@esbuild/android-arm/-/android-arm-0.20.0.tgz",
      "integrity": "sha512-3bMAfInvByLHfJwYPJRlpTeaQA75n8C/QKpEaiS4HrFWFiJlNI0vzq/zCjBrhAYcPyVPG7Eo9dMrcQXuqmNk5g==",
      "cpu": [
        "arm"
      ],
      "dev": true,
      "license": "MIT",
      "optional": true,
      "os": [
        "android"
      ],
      "engines": {
        "node": ">=12"
      }
    },
    "node_modules/@esbuild/android-arm64": {
      "version": "0.20.0",
      "resolved": "https://registry.npmjs.org/@esbuild/android-arm64/-/android-arm64-0.20.0.tgz",
      "integrity": "sha512-aVpnM4lURNkp0D3qPoAzSG92VXStYmoVPOgXveAUoQBWRSuQzt51yvSju29J6AHPmwY1BjH49uR29oyfH1ra8Q==",
      "cpu": [
        "arm64"
      ],
      "dev": true,
      "license": "MIT",
      "optional": true,
      "os": [
        "android"
      ],
      "engines": {
        "node": ">=12"
      }
    },
    "node_modules/@esbuild/android-x64": {
      "version": "0.20.0",
      "resolved": "https://registry.npmjs.org/@esbuild/android-x64/-/android-x64-0.20.0.tgz",
      "integrity": "sha512-uK7wAnlRvjkCPzh8jJ+QejFyrP8ObKuR5cBIsQZ+qbMunwR8sbd8krmMbxTLSrDhiPZaJYKQAU5Y3iMDcZPhyQ==",
      "cpu": [
        "x64"
      ],
      "dev": true,
      "license": "MIT",
      "optional": true,
      "os": [
        "android"
      ],
      "engines": {
        "node": ">=12"
      }
    },
    "node_modules/@esbuild/darwin-arm64": {
      "version": "0.20.0",
      "resolved": "https://registry.npmjs.org/@esbuild/darwin-arm64/-/darwin-arm64-0.20.0.tgz",
      "integrity": "sha512-AjEcivGAlPs3UAcJedMa9qYg9eSfU6FnGHJjT8s346HSKkrcWlYezGE8VaO2xKfvvlZkgAhyvl06OJOxiMgOYQ==",
      "cpu": [
        "arm64"
      ],
      "dev": true,
      "license": "MIT",
      "optional": true,
      "os": [
        "darwin"
      ],
      "engines": {
        "node": ">=12"
      }
    },
    "node_modules/@esbuild/darwin-x64": {
      "version": "0.20.0",
      "resolved": "https://registry.npmjs.org/@esbuild/darwin-x64/-/darwin-x64-0.20.0.tgz",
      "integrity": "sha512-bsgTPoyYDnPv8ER0HqnJggXK6RyFy4PH4rtsId0V7Efa90u2+EifxytE9pZnsDgExgkARy24WUQGv9irVbTvIw==",
      "cpu": [
        "x64"
      ],
      "dev": true,
      "license": "MIT",
      "optional": true,
      "os": [
        "darwin"
      ],
      "engines": {
        "node": ">=12"
      }
    },
    "node_modules/@esbuild/freebsd-arm64": {
      "version": "0.20.0",
      "resolved": "https://registry.npmjs.org/@esbuild/freebsd-arm64/-/freebsd-arm64-0.20.0.tgz",
      "integrity": "sha512-kQ7jYdlKS335mpGbMW5tEe3IrQFIok9r84EM3PXB8qBFJPSc6dpWfrtsC/y1pyrz82xfUIn5ZrnSHQQsd6jebQ==",
      "cpu": [
        "arm64"
      ],
      "dev": true,
      "license": "MIT",
      "optional": true,
      "os": [
        "freebsd"
      ],
      "engines": {
        "node": ">=12"
      }
    },
    "node_modules/@esbuild/freebsd-x64": {
      "version": "0.20.0",
      "resolved": "https://registry.npmjs.org/@esbuild/freebsd-x64/-/freebsd-x64-0.20.0.tgz",
      "integrity": "sha512-uG8B0WSepMRsBNVXAQcHf9+Ko/Tr+XqmK7Ptel9HVmnykupXdS4J7ovSQUIi0tQGIndhbqWLaIL/qO/cWhXKyQ==",
      "cpu": [
        "x64"
      ],
      "dev": true,
      "license": "MIT",
      "optional": true,
      "os": [
        "freebsd"
      ],
      "engines": {
        "node": ">=12"
      }
    },
    "node_modules/@esbuild/linux-arm": {
      "version": "0.20.0",
      "resolved": "https://registry.npmjs.org/@esbuild/linux-arm/-/linux-arm-0.20.0.tgz",
      "integrity": "sha512-2ezuhdiZw8vuHf1HKSf4TIk80naTbP9At7sOqZmdVwvvMyuoDiZB49YZKLsLOfKIr77+I40dWpHVeY5JHpIEIg==",
      "cpu": [
        "arm"
      ],
      "dev": true,
      "license": "MIT",
      "optional": true,
      "os": [
        "linux"
      ],
      "engines": {
        "node": ">=12"
      }
    },
    "node_modules/@esbuild/linux-arm64": {
      "version": "0.20.0",
      "resolved": "https://registry.npmjs.org/@esbuild/linux-arm64/-/linux-arm64-0.20.0.tgz",
      "integrity": "sha512-uTtyYAP5veqi2z9b6Gr0NUoNv9F/rOzI8tOD5jKcCvRUn7T60Bb+42NDBCWNhMjkQzI0qqwXkQGo1SY41G52nw==",
      "cpu": [
        "arm64"
      ],
      "dev": true,
      "license": "MIT",
      "optional": true,
      "os": [
        "linux"
      ],
      "engines": {
        "node": ">=12"
      }
    },
    "node_modules/@esbuild/linux-ia32": {
      "version": "0.20.0",
      "resolved": "https://registry.npmjs.org/@esbuild/linux-ia32/-/linux-ia32-0.20.0.tgz",
      "integrity": "sha512-c88wwtfs8tTffPaoJ+SQn3y+lKtgTzyjkD8NgsyCtCmtoIC8RDL7PrJU05an/e9VuAke6eJqGkoMhJK1RY6z4w==",
      "cpu": [
        "ia32"
      ],
      "dev": true,
      "license": "MIT",
      "optional": true,
      "os": [
        "linux"
      ],
      "engines": {
        "node": ">=12"
      }
    },
    "node_modules/@esbuild/linux-loong64": {
      "version": "0.20.0",
      "resolved": "https://registry.npmjs.org/@esbuild/linux-loong64/-/linux-loong64-0.20.0.tgz",
      "integrity": "sha512-lR2rr/128/6svngnVta6JN4gxSXle/yZEZL3o4XZ6esOqhyR4wsKyfu6qXAL04S4S5CgGfG+GYZnjFd4YiG3Aw==",
      "cpu": [
        "loong64"
      ],
      "dev": true,
      "license": "MIT",
      "optional": true,
      "os": [
        "linux"
      ],
      "engines": {
        "node": ">=12"
      }
    },
    "node_modules/@esbuild/linux-mips64el": {
      "version": "0.20.0",
      "resolved": "https://registry.npmjs.org/@esbuild/linux-mips64el/-/linux-mips64el-0.20.0.tgz",
      "integrity": "sha512-9Sycc+1uUsDnJCelDf6ZNqgZQoK1mJvFtqf2MUz4ujTxGhvCWw+4chYfDLPepMEvVL9PDwn6HrXad5yOrNzIsQ==",
      "cpu": [
        "mips64el"
      ],
      "dev": true,
      "license": "MIT",
      "optional": true,
      "os": [
        "linux"
      ],
      "engines": {
        "node": ">=12"
      }
    },
    "node_modules/@esbuild/linux-ppc64": {
      "version": "0.20.0",
      "resolved": "https://registry.npmjs.org/@esbuild/linux-ppc64/-/linux-ppc64-0.20.0.tgz",
      "integrity": "sha512-CoWSaaAXOZd+CjbUTdXIJE/t7Oz+4g90A3VBCHLbfuc5yUQU/nFDLOzQsN0cdxgXd97lYW/psIIBdjzQIwTBGw==",
      "cpu": [
        "ppc64"
      ],
      "dev": true,
      "license": "MIT",
      "optional": true,
      "os": [
        "linux"
      ],
      "engines": {
        "node": ">=12"
      }
    },
    "node_modules/@esbuild/linux-riscv64": {
      "version": "0.20.0",
      "resolved": "https://registry.npmjs.org/@esbuild/linux-riscv64/-/linux-riscv64-0.20.0.tgz",
      "integrity": "sha512-mlb1hg/eYRJUpv8h/x+4ShgoNLL8wgZ64SUr26KwglTYnwAWjkhR2GpoKftDbPOCnodA9t4Y/b68H4J9XmmPzA==",
      "cpu": [
        "riscv64"
      ],
      "dev": true,
      "license": "MIT",
      "optional": true,
      "os": [
        "linux"
      ],
      "engines": {
        "node": ">=12"
      }
    },
    "node_modules/@esbuild/linux-s390x": {
      "version": "0.20.0",
      "resolved": "https://registry.npmjs.org/@esbuild/linux-s390x/-/linux-s390x-0.20.0.tgz",
      "integrity": "sha512-fgf9ubb53xSnOBqyvWEY6ukBNRl1mVX1srPNu06B6mNsNK20JfH6xV6jECzrQ69/VMiTLvHMicQR/PgTOgqJUQ==",
      "cpu": [
        "s390x"
      ],
      "dev": true,
      "license": "MIT",
      "optional": true,
      "os": [
        "linux"
      ],
      "engines": {
        "node": ">=12"
      }
    },
    "node_modules/@esbuild/linux-x64": {
      "version": "0.20.0",
      "resolved": "https://registry.npmjs.org/@esbuild/linux-x64/-/linux-x64-0.20.0.tgz",
      "integrity": "sha512-H9Eu6MGse++204XZcYsse1yFHmRXEWgadk2N58O/xd50P9EvFMLJTQLg+lB4E1cF2xhLZU5luSWtGTb0l9UeSg==",
      "cpu": [
        "x64"
      ],
      "dev": true,
      "license": "MIT",
      "optional": true,
      "os": [
        "linux"
      ],
      "engines": {
        "node": ">=12"
      }
    },
    "node_modules/@esbuild/netbsd-x64": {
      "version": "0.20.0",
      "resolved": "https://registry.npmjs.org/@esbuild/netbsd-x64/-/netbsd-x64-0.20.0.tgz",
      "integrity": "sha512-lCT675rTN1v8Fo+RGrE5KjSnfY0x9Og4RN7t7lVrN3vMSjy34/+3na0q7RIfWDAj0e0rCh0OL+P88lu3Rt21MQ==",
      "cpu": [
        "x64"
      ],
      "dev": true,
      "license": "MIT",
      "optional": true,
      "os": [
        "netbsd"
      ],
      "engines": {
        "node": ">=12"
      }
    },
    "node_modules/@esbuild/openbsd-x64": {
      "version": "0.20.0",
      "resolved": "https://registry.npmjs.org/@esbuild/openbsd-x64/-/openbsd-x64-0.20.0.tgz",
      "integrity": "sha512-HKoUGXz/TOVXKQ+67NhxyHv+aDSZf44QpWLa3I1lLvAwGq8x1k0T+e2HHSRvxWhfJrFxaaqre1+YyzQ99KixoA==",
      "cpu": [
        "x64"
      ],
      "dev": true,
      "license": "MIT",
      "optional": true,
      "os": [
        "openbsd"
      ],
      "engines": {
        "node": ">=12"
      }
    },
    "node_modules/@esbuild/sunos-x64": {
      "version": "0.20.0",
      "resolved": "https://registry.npmjs.org/@esbuild/sunos-x64/-/sunos-x64-0.20.0.tgz",
      "integrity": "sha512-GDwAqgHQm1mVoPppGsoq4WJwT3vhnz/2N62CzhvApFD1eJyTroob30FPpOZabN+FgCjhG+AgcZyOPIkR8dfD7g==",
      "cpu": [
        "x64"
      ],
      "dev": true,
      "license": "MIT",
      "optional": true,
      "os": [
        "sunos"
      ],
      "engines": {
        "node": ">=12"
      }
    },
    "node_modules/@esbuild/win32-arm64": {
      "version": "0.20.0",
      "resolved": "https://registry.npmjs.org/@esbuild/win32-arm64/-/win32-arm64-0.20.0.tgz",
      "integrity": "sha512-0vYsP8aC4TvMlOQYozoksiaxjlvUcQrac+muDqj1Fxy6jh9l9CZJzj7zmh8JGfiV49cYLTorFLxg7593pGldwQ==",
      "cpu": [
        "arm64"
      ],
      "dev": true,
      "license": "MIT",
      "optional": true,
      "os": [
        "win32"
      ],
      "engines": {
        "node": ">=12"
      }
    },
    "node_modules/@esbuild/win32-ia32": {
      "version": "0.20.0",
      "resolved": "https://registry.npmjs.org/@esbuild/win32-ia32/-/win32-ia32-0.20.0.tgz",
      "integrity": "sha512-p98u4rIgfh4gdpV00IqknBD5pC84LCub+4a3MO+zjqvU5MVXOc3hqR2UgT2jI2nh3h8s9EQxmOsVI3tyzv1iFg==",
      "cpu": [
        "ia32"
      ],
      "dev": true,
      "license": "MIT",
      "optional": true,
      "os": [
        "win32"
      ],
      "engines": {
        "node": ">=12"
      }
    },
    "node_modules/@esbuild/win32-x64": {
      "version": "0.20.0",
      "resolved": "https://registry.npmjs.org/@esbuild/win32-x64/-/win32-x64-0.20.0.tgz",
      "integrity": "sha512-NgJnesu1RtWihtTtXGFMU5YSE6JyyHPMxCwBZK7a6/8d31GuSo9l0Ss7w1Jw5QnKUawG6UEehs883kcXf5fYwg==",
      "cpu": [
        "x64"
      ],
      "dev": true,
      "license": "MIT",
      "optional": true,
      "os": [
        "win32"
      ],
      "engines": {
        "node": ">=12"
      }
    },
    "node_modules/@jsr/cliffy__ansi": {
      "version": "1.2.1",
      "resolved": "https://npm.jsr.io/~/11/@jsr/cliffy__ansi/1.2.1.tgz",
      "integrity": "sha512-3frSD4YX/aOaaFvpzZoWALk+j1BvIzfrAzP1tGnyowwuJ7igv5dxCh0CP4rXLhU/I3CpCVV9QhAm6q1f3tIGxw==",
      "dev": true,
      "dependencies": {
        "@jsr/cliffy__internal": "1.2.1",
        "@jsr/std__encoding": "^1.0.10",
        "@jsr/std__fmt": "^1.0.10",
        "@jsr/std__io": "~0.225.3"
      }
    },
    "node_modules/@jsr/cliffy__flags": {
      "version": "1.2.1",
      "resolved": "https://npm.jsr.io/~/11/@jsr/cliffy__flags/1.2.1.tgz",
      "integrity": "sha512-KHUlbfkcGM198RUWwSiBdWpJgc9pFZBj437Tdf4DPPy+Q6rAA0PMzWERAwUFf0k4k2lMWnajDrGvtiv+ZUaF5A==",
      "dev": true,
      "dependencies": {
        "@jsr/cliffy__internal": "1.2.1",
        "@jsr/std__text": "^1.0.19"
      }
    },
    "node_modules/@jsr/cliffy__internal": {
      "version": "1.2.1",
      "resolved": "https://npm.jsr.io/~/11/@jsr/cliffy__internal/1.2.1.tgz",
      "integrity": "sha512-2kQD0hab+16PiYNZf3b85CUik13l71XZzKtJRhK/RnifO6gOjRpBTmhIAhwjAdWaeW1vkOQ73Scqm/D/yMR3ag==",
      "dev": true,
      "dependencies": {
        "@jsr/std__fmt": "^1.0.10"
      }
    },
    "node_modules/@jsr/cliffy__keycode": {
      "version": "1.2.1",
      "resolved": "https://npm.jsr.io/~/11/@jsr/cliffy__keycode/1.2.1.tgz",
      "integrity": "sha512-A3nX5O235m+cYq2B9Eck6Fy77LaB8FjeN4B2lEniRQ0BzUecNYM9y5H72k6Ef8CCp6oYJT8CxcqGGocSwn2rww==",
      "dev": true
    },
    "node_modules/@jsr/cliffy__table": {
      "version": "1.2.1",
      "resolved": "https://npm.jsr.io/~/11/@jsr/cliffy__table/1.2.1.tgz",
      "integrity": "sha512-C/edvcMwtnbFx0zyoeGRcC+ZRvGYqxEhRi19HpfbfiYS4ZErKjEwMJmavO/DN7Wxbk34UpJP+UQKL7nKe+dYkA==",
      "dev": true,
      "dependencies": {
        "@jsr/std__fmt": "^1.0.10"
      }
    },
    "node_modules/@jsr/std__assert": {
      "version": "1.0.19",
      "resolved": "https://npm.jsr.io/~/11/@jsr/std__assert/1.0.19.tgz",
      "integrity": "sha512-pEj6RPkGbqlgRmyKwATp4cUs6+ijxtdrv3bq8v1d2I2CEcMEyPaO8cVKro61wGRDH4cNg8Zx6haztvK/9m7gkA==",
      "dev": true,
      "dependencies": {
        "@jsr/std__internal": "^1.0.12"
      }
    },
    "node_modules/@jsr/std__bytes": {
      "version": "1.0.6",
      "resolved": "https://npm.jsr.io/~/11/@jsr/std__bytes/1.0.6.tgz",
      "integrity": "sha512-St6yKggjFGhxS52IFLJWvkchRFbAKg2Xh8UxA4S1EGz7GJ2Ui+ssDDldj/w2c8vCxvl6qgR0HaYbKeFJNqujmA==",
      "dev": true
    },
    "node_modules/@jsr/std__encoding": {
      "version": "1.0.11",
      "resolved": "https://npm.jsr.io/~/11/@jsr/std__encoding/1.0.11.tgz",
      "integrity": "sha512-4SmW8WXf4x4FjkxVpxbir06QYwxw/h/2+RU5A66iKXbJC9WAYCICZkH01mcOGj8FgSitF/lSTlT585RZfo8Ukg==",
      "dev": true
    },
    "node_modules/@jsr/std__fmt": {
      "version": "1.0.10",
      "resolved": "https://npm.jsr.io/~/11/@jsr/std__fmt/1.0.10.tgz",
      "integrity": "sha512-Q2N8XDNkh/c1IKTi+sO4Vm64M5m4W0o47qTURmMX0vgHm9AJ6jL7jEQ2kw0M1T2rBZiwAY78eUbYzFyOYWaCqQ==",
      "dev": true
    },
    "node_modules/@jsr/std__internal": {
      "version": "1.0.14",
      "resolved": "https://npm.jsr.io/~/11/@jsr/std__internal/1.0.14.tgz",
      "integrity": "sha512-JT8b/t40WcR9q0GDwRZUooY7aXeXnFal8iidE/5TckdAFtvpVAsaJ71/Xgf1SfoChs41s6CZkuCYM8toaNgdvA==",
      "dev": true
    },
    "node_modules/@jsr/std__io": {
      "version": "0.225.3",
      "resolved": "https://npm.jsr.io/~/11/@jsr/std__io/0.225.3.tgz",
      "integrity": "sha512-IDXY253ipW6FV34CJVxO+3ubfvSEEzw9N2W303KnLe9K/Y9+v/ID1dQYf9VsCCOFMpFtCmOLqzIZsRqv6yQnWw==",
      "dev": true,
      "dependencies": {
        "@jsr/std__bytes": "^1.0.6"
      }
    },
    "node_modules/@jsr/std__path": {
      "version": "1.1.6",
      "resolved": "https://npm.jsr.io/~/11/@jsr/std__path/1.1.6.tgz",
      "integrity": "sha512-H1Cmg6z8jFyIsQbVV+vZB4eOx4k6Qg8lyUM6l7nZysj5MZumg89kb0M1bsPBTGQis3fw6mJFkJELo5+AK6oCFA==",
      "dev": true,
      "dependencies": {
        "@jsr/std__internal": "^1.0.14"
      }
    },
    "node_modules/@jsr/std__regexp": {
      "version": "1.0.2",
      "resolved": "https://npm.jsr.io/~/11/@jsr/std__regexp/1.0.2.tgz",
      "integrity": "sha512-wvJnzBWsPW4YLdAhCSggh4NyNia/qtzsuJr0kSYuqUBtvOU/RsI/WKB5lu7ehlzuZ5Sy+efr0ACyogCCZmw0YQ==",
      "dev": true
    },
    "node_modules/@jsr/std__semver": {
      "version": "1.0.8",
      "resolved": "https://npm.jsr.io/~/11/@jsr/std__semver/1.0.8.tgz",
      "integrity": "sha512-YhkykPU2Majz66e+rQbP0okYc7kKv+U32aguLPCXZZAL+vEVmBA+khHjPHhLBpWR073gzU3WHqGRgB7a/aXCjg==",
      "dev": true
    },
    "node_modules/@jsr/std__text": {
      "version": "1.1.0",
      "resolved": "https://npm.jsr.io/~/11/@jsr/std__text/1.1.0.tgz",
      "integrity": "sha512-ofJfYrlnxcUZs4LxsFz83YmEvOV2DxbiFl7LoYF9ORUrKgnWD2DaRfRwyqm26xleQTWdc2d0rWMEzwe6C+v6MA==",
      "dev": true,
      "dependencies": {
        "@jsr/std__regexp": "^1.0.2"
      }
    },
    "node_modules/@nodable/entities": {
      "version": "3.1.0",
      "resolved": "https://registry.npmjs.org/@nodable/entities/-/entities-3.1.0.tgz",
      "integrity": "sha512-LsS/DjHr+uDM647Gru/cA8+J3a3HfhttwCKLyuoyN7yXTFCxKBtSgMQBvrW9yNPa2/zDRUNuGPaH5QUFoa4arQ==",
      "dev": true,
      "funding": [
        {
          "type": "github",
          "url": "https://github.com/sponsors/nodable"
        }
      ],
      "license": "MIT"
    },
    "node_modules/@types/node": {
      "version": "22.20.5",
      "resolved": "https://registry.npmjs.org/@types/node/-/node-22.20.5.tgz",
      "integrity": "sha512-U2+DNr+wSjpsTS/wZGYHq7GcwfuSmKiKvoPvK22zwTlRhU91yOniN4qRR5KhIjvif7ysw/dz/hKmfDH0Ris4aA==",
      "dev": true,
      "license": "MIT",
      "dependencies": {
        "undici-types": "~6.21.0"
      }
    },
    "node_modules/@types/opentype.js": {
      "version": "1.3.10",
      "resolved": "https://registry.npmjs.org/@types/opentype.js/-/opentype.js-1.3.10.tgz",
      "integrity": "sha512-F67EFyk6j02okHz5JCgata3ZRAcZi9GLnzmkHw/rzJq3OCc8/ZVdoKrxMTYjcQP6IYHGBz2cav1cpzkOkPiPCQ==",
      "dev": true,
      "license": "MIT"
    },
    "node_modules/@types/pngjs": {
      "version": "6.0.5",
      "resolved": "https://registry.npmjs.org/@types/pngjs/-/pngjs-6.0.5.tgz",
      "integrity": "sha512-0k5eKfrA83JOZPppLtS2C7OUtyNAl2wKNxfyYl9Q5g9lPkgBl/9hNyAu6HuEH2J4XmIv2znEpkDd0SaZVxW6iQ==",
      "dev": true,
      "license": "MIT",
      "dependencies": {
        "@types/node": "*"
      }
    },
    "node_modules/@types/wawoff2": {
      "version": "1.0.2",
      "resolved": "https://registry.npmjs.org/@types/wawoff2/-/wawoff2-1.0.2.tgz",
      "integrity": "sha512-UVq4NxMuBywz5gklafg1HcENrK02trh/q+ifyvO6xktflGXRtf11GYsia3/l5nxg2edFQRlnUT6ivnk898WDiw==",
      "dev": true,
      "license": "MIT",
      "dependencies": {
        "@types/node": "*"
      }
    },
    "node_modules/anynum": {
      "version": "1.0.1",
      "resolved": "https://registry.npmjs.org/anynum/-/anynum-1.0.1.tgz",
      "integrity": "sha512-N6//FLET/tXYNM/F6ABca1oH6fWB+KlTt909Le28WMDBk8oaT4vY17DCrwg2MvmuqUKt3Ni4N5dGJ/EoBgcO6A==",
      "dev": true,
      "funding": [
        {
          "type": "github",
          "url": "https://github.com/sponsors/NaturalIntelligence"
        }
      ],
      "license": "MIT"
    },
    "node_modules/argparse": {
      "version": "2.0.1",
      "resolved": "https://registry.npmjs.org/argparse/-/argparse-2.0.1.tgz",
      "integrity": "sha512-8+9WqebbFzpX9OR+Wa6O29asIogeRMzcGtAINdpMHHyAg10f05aSFVBbcEqGf/PXw1EjAZ+q2/bEBg3DvurK3Q==",
      "dev": true,
      "license": "Python-2.0"
    },
    "node_modules/esbuild": {
      "version": "0.20.0",
      "resolved": "https://registry.npmjs.org/esbuild/-/esbuild-0.20.0.tgz",
      "integrity": "sha512-6iwE3Y2RVYCME1jLpBqq7LQWK3MW6vjV2bZy6gt/WrqkY+WE74Spyc0ThAOYpMtITvnjX09CrC6ym7A/m9mebA==",
      "dev": true,
      "hasInstallScript": true,
      "license": "MIT",
      "bin": {
        "esbuild": "bin/esbuild"
      },
      "engines": {
        "node": ">=12"
      },
      "optionalDependencies": {
        "@esbuild/aix-ppc64": "0.20.0",
        "@esbuild/android-arm": "0.20.0",
        "@esbuild/android-arm64": "0.20.0",
        "@esbuild/android-x64": "0.20.0",
        "@esbuild/darwin-arm64": "0.20.0",
        "@esbuild/darwin-x64": "0.20.0",
        "@esbuild/freebsd-arm64": "0.20.0",
        "@esbuild/freebsd-x64": "0.20.0",
        "@esbuild/linux-arm": "0.20.0",
        "@esbuild/linux-arm64": "0.20.0",
        "@esbuild/linux-ia32": "0.20.0",
        "@esbuild/linux-loong64": "0.20.0",
        "@esbuild/linux-mips64el": "0.20.0",
        "@esbuild/linux-ppc64": "0.20.0",
        "@esbuild/linux-riscv64": "0.20.0",
        "@esbuild/linux-s390x": "0.20.0",
        "@esbuild/linux-x64": "0.20.0",
        "@esbuild/netbsd-x64": "0.20.0",
        "@esbuild/openbsd-x64": "0.20.0",
        "@esbuild/sunos-x64": "0.20.0",
        "@esbuild/win32-arm64": "0.20.0",
        "@esbuild/win32-ia32": "0.20.0",
        "@esbuild/win32-x64": "0.20.0"
      }
    },
    "node_modules/fast-xml-builder": {
      "version": "1.3.1",
      "resolved": "https://registry.npmjs.org/fast-xml-builder/-/fast-xml-builder-1.3.1.tgz",
      "integrity": "sha512-pIM/1n3ntFXKYrUZwW7QCK0gAW7XY+wzj1YMIV3tLDvPj/V+zTGJK5e3/4WJfwj0qWw2ElNXiTixda/R+3YSug==",
      "dev": true,
      "funding": [
        {
          "type": "github",
          "url": "https://github.com/sponsors/NaturalIntelligence"
        }
      ],
      "license": "MIT",
      "dependencies": {
        "path-expression-matcher": "^1.6.2",
        "xml-naming": "^0.3.0"
      }
    },
    "node_modules/fast-xml-parser": {
      "version": "5.11.1",
      "resolved": "https://registry.npmjs.org/fast-xml-parser/-/fast-xml-parser-5.11.1.tgz",
      "integrity": "sha512-TBw6K/fxoQGGjCmZDw9w/ZwP3uDcnTM4YH/g+PFRWr8sbe5idXtxNN6vITh4+1ruCZaho6uBFurElsA7F0zzgw==",
      "dev": true,
      "funding": [
        {
          "type": "github",
          "url": "https://github.com/sponsors/NaturalIntelligence"
        }
      ],
      "license": "MIT",
      "dependencies": {
        "@nodable/entities": "^3.0.0",
        "fast-xml-builder": "^1.2.0",
        "is-unsafe": "^2.0.0",
        "path-expression-matcher": "^1.6.2",
        "strnum": "^2.4.2",
        "xml-naming": "^0.3.0"
      },
      "bin": {
        "fxparser": "src/cli/cli.js"
      }
    },
    "node_modules/is-unsafe": {
      "version": "2.0.2",
      "resolved": "https://registry.npmjs.org/is-unsafe/-/is-unsafe-2.0.2.tgz",
      "integrity": "sha512-HgbIHPBH0KHHCcjLfGsCvhtPTVxjaAZlXjwdz7/GQC40SjSe4sfQsar8J5VFo8JOSbarkpV0OLG95bbaNd9aAQ==",
      "dev": true,
      "funding": [
        {
          "type": "github",
          "url": "https://github.com/sponsors/NaturalIntelligence"
        }
      ],
      "license": "MIT"
    },
    "node_modules/jpeg-js": {
      "version": "0.4.4",
      "resolved": "https://registry.npmjs.org/jpeg-js/-/jpeg-js-0.4.4.tgz",
      "integrity": "sha512-WZzeDOEtTOBK4Mdsar0IqEU5sMr3vSV2RqkAIzUEV2BHnUfKGyswWFPFwK5EeDo93K3FohSHbLAjj0s1Wzd+dg==",
      "dev": true,
      "license": "BSD-3-Clause"
    },
    "node_modules/opentype.js": {
      "version": "0.4.11",
      "resolved": "https://registry.npmjs.org/opentype.js/-/opentype.js-0.4.11.tgz",
      "integrity": "sha512-GthxucX/6aftfLdeU5Ho7o7zmQcC8uVtqdcelVq12X++ndxwBZG8Xb5rFEKT7nEcWDD2P1x+TNuJ70jtj1Mbpw==",
      "dev": true,
      "license": "MIT",
      "bin": {
        "ot": "bin/ot"
      }
    },
    "node_modules/path-expression-matcher": {
      "version": "1.6.2",
      "resolved": "https://registry.npmjs.org/path-expression-matcher/-/path-expression-matcher-1.6.2.tgz",
      "integrity": "sha512-enSlaiat05iasnzmgNxRj8reFdj3puY2QpNgP1aPIaVfT6nn9ICuPoFlKHk8EN22HcwewshO+mN2DGbkCEOtqQ==",
      "dev": true,
      "funding": [
        {
          "type": "github",
          "url": "https://github.com/sponsors/NaturalIntelligence"
        }
      ],
      "license": "MIT",
      "engines": {
        "node": ">=14.0.0"
      }
    },
    "node_modules/pngjs": {
      "version": "7.0.0",
      "resolved": "https://registry.npmjs.org/pngjs/-/pngjs-7.0.0.tgz",
      "integrity": "sha512-LKWqWJRhstyYo9pGvgor/ivk2w94eSjE3RGVuzLGlr3NmD8bf7RcYGze1mNdEHRP6TRP6rMuDHk5t44hnTRyow==",
      "dev": true,
      "license": "MIT",
      "engines": {
        "node": ">=14.19.0"
      }
    },
    "node_modules/pureimage": {
      "version": "0.4.13",
      "resolved": "https://registry.npmjs.org/pureimage/-/pureimage-0.4.13.tgz",
      "integrity": "sha512-P8aonTNAnXWJn2pBIqyeWw0I/D4YDOfEavCVvbDG+wx3dCujQX0ENZiW5OcHfbd8HKLfVhCf4F/3Xivf1yWDiA==",
      "dev": true,
      "license": "MIT",
      "dependencies": {
        "jpeg-js": "^0.4.4",
        "opentype.js": "^0.4.3",
        "pngjs": "^7.0.0"
      },
      "engines": {
        "node": ">=14.19.0"
      }
    },
    "node_modules/strnum": {
      "version": "2.4.2",
      "resolved": "https://registry.npmjs.org/strnum/-/strnum-2.4.2.tgz",
      "integrity": "sha512-rDG3Ah4TV0k1hWvLSzkZtMmLN9+eS+h3knq4MP6A42Y3Yh5qGNnOUs1jJkoSr8FG5dsL28c7KgkIBzSEykqtuw==",
      "dev": true,
      "funding": [
        {
          "type": "github",
          "url": "https://github.com/sponsors/NaturalIntelligence"
        }
      ],
      "license": "MIT",
      "dependencies": {
        "anynum": "^1.0.1"
      }
    },
    "node_modules/typescript": {
      "version": "5.9.3",
      "resolved": "https://registry.npmjs.org/typescript/-/typescript-5.9.3.tgz",
      "integrity": "sha512-jl1vZzPDinLr9eUt3J/t7V6FgNEw9QjvBPdysz9KfQDD41fQrC2Y4vKQdiaUpFT4bXlb1RHhLpp8wtm6M5TgSw==",
      "dev": true,
      "license": "Apache-2.0",
      "bin": {
        "tsc": "bin/tsc",
        "tsserver": "bin/tsserver"
      },
      "engines": {
        "node": ">=14.17"
      }
    },
    "node_modules/undici-types": {
      "version": "6.21.0",
      "resolved": "https://registry.npmjs.org/undici-types/-/undici-types-6.21.0.tgz",
      "integrity": "sha512-iwDZqg0QAGrg9Rav5H4n0M64c3mkR59cJ6wQp+7C4nI0gsmExaedaYLNO44eT4AtBBwjbTiGPMlt2Md0T9H9JQ==",
      "dev": true,
      "license": "MIT"
    },
    "node_modules/wawoff2": {
      "version": "2.0.1",
      "resolved": "https://registry.npmjs.org/wawoff2/-/wawoff2-2.0.1.tgz",
      "integrity": "sha512-r0CEmvpH63r4T15ebFqeOjGqU4+EgTx4I510NtK35EMciSdcTxCw3Byy3JnBonz7iyIFZ0AbVo0bbFpEVuhCYA==",
      "dev": true,
      "license": "MIT",
      "dependencies": {
        "argparse": "^2.0.1"
      },
      "bin": {
        "woff2_compress.js": "bin/woff2_compress.js",
        "woff2_decompress.js": "bin/woff2_decompress.js"
      }
    },
    "node_modules/xml-naming": {
      "version": "0.3.0",
      "resolved": "https://registry.npmjs.org/xml-naming/-/xml-naming-0.3.0.tgz",
      "integrity": "sha512-ghig2TBE/H11aOVgmahA3MhimvkBr6JIYknH/Dhdk10nXwdbIqBJsbfMxpvFPG8bAw77gN29aQWvKpmVoPlvPQ==",
      "dev": true,
      "funding": [
        {
          "type": "github",
          "url": "https://github.com/sponsors/NaturalIntelligence"
        }
      ],
      "license": "MIT",
      "engines": {
        "node": ">=16.0.0"
      }
    }
  }
}
